
Microsoft Visual Studio Solution File, Format Version 12.00
# Visual Studio Version 16
VisualStudioVersion = 16.0.31105.61
MinimumVisualStudioVersion = 10.0.40219.1
Project("{9A19103F-16F7-4668-BE54-9A1E7A4F7556}") = "MelizaJaramilloFernandez03", "MelizaJaramilloFernandez03.csproj", "{809A8DD8-863B-436E-A7C2-9D3AB0486A19}"
EndProject
Global
	GlobalSection(SolutionConfigurationPlatforms) = preSolution
		Debug|Any CPU = Debug|Any CPU
		Release|Any CPU = Release|Any CPU
	EndGlobalSection
	GlobalSection(ProjectConfigurationPlatforms) = postSolution
		{809A8DD8-863B-436E-A7C2-9D3AB0486A19}.Debug|Any CPU.ActiveCfg = Debug|Any CPU
		{809A8DD8-863B-436E-A7C2-9D3AB0486A19}.Debug|Any CPU.Build.0 = Debug|Any CPU
		{809A8DD8-863B-436E-A7C2-9D3AB0486A19}.Release|Any CPU.ActiveCfg = Release|Any CPU
		{809A8DD8-863B-436E-A7C2-9D3AB0486A19}.Release|Any CPU.Build.0 = Release|Any CPU
	EndGlobalSection
	GlobalSection(SolutionProperties) = preSolution
		HideSolutionNode = FALSE
	EndGlobalSection
	GlobalSection(ExtensibilityGlobals) = postSolution
		SolutionGuid = {A99E6A65-D965-4907-8D83-3FCE17251C3B}
	EndGlobalSection
EndGlobal
